
Microsoft Visual Studio Solution File, Format Version 12.00
# Visual Studio Version 17
VisualStudioVersion = 17.9.34723.18
MinimumVisualStudioVersion = 10.0.40219.1
Project("{FAE04EC0-301F-11D3-BF4B-00C04F79EFBC}") = "ArtidactExchangeApi", "ArtidactExchangeApi.csproj", "{2FA2FF92-0D02-4073-9482-A125D05AD646}"
EndProject
Global
	GlobalSection(SolutionConfigurationPlatforms) = preSolution
		Debug|Any CPU = Debug|Any CPU
		Release|Any CPU = Release|Any CPU
	EndGlobalSection
	GlobalSection(ProjectConfigurationPlatforms) = postSolution
		{2FA2FF92-0D02-4073-9482-A125D05AD646}.Debug|Any CPU.ActiveCfg = Debug|Any CPU
		{2FA2FF92-0D02-4073-9482-A125D05AD646}.Debug|Any CPU.Build.0 = Debug|Any CPU
		{2FA2FF92-0D02-4073-9482-A125D05AD646}.Release|Any CPU.ActiveCfg = Release|Any CPU
		{2FA2FF92-0D02-4073-9482-A125D05AD646}.Release|Any CPU.Build.0 = Release|Any CPU
	EndGlobalSection
	GlobalSection(SolutionProperties) = preSolution
		HideSolutionNode = FALSE
	EndGlobalSection
	GlobalSection(ExtensibilityGlobals) = postSolution
		SolutionGuid = {65DC4F51-E3DF-476F-B340-D3E8542DC225}
	EndGlobalSection
EndGlobal
